
Microsoft Visual Studio Solution File, Format Version 12.00
# Visual Studio 14
VisualStudioVersion = 14.0.25420.1
MinimumVisualStudioVersion = 10.0.40219.1
Project("{FAE04EC0-301F-11D3-BF4B-00C04F79EFBC}") = "NRaft", "NRaft\NRaft.csproj", "{D6AB31AD-542E-4EA1-8387-FD50186D88AB}"
EndProject
Project("{FAE04EC0-301F-11D3-BF4B-00C04F79EFBC}") = "NRaft.Tests", "NRaft.Tests\NRaft.Tests.csproj", "{73B73A8A-49C7-4DD5-A709-F0465C347687}"
EndProject
Global
	GlobalSection(SolutionConfigurationPlatforms) = preSolution
		Debug|Any CPU = Debug|Any CPU
		Release|Any CPU = Release|Any CPU
	EndGlobalSection
	GlobalSection(ProjectConfigurationPlatforms) = postSolution
		{D6AB31AD-542E-4EA1-8387-FD50186D88AB}.Debug|Any CPU.ActiveCfg = Debug|Any CPU
		{D6AB31AD-542E-4EA1-8387-FD50186D88AB}.Debug|Any CPU.Build.0 = Debug|Any CPU
		{D6AB31AD-542E-4EA1-8387-FD50186D88AB}.Release|Any CPU.ActiveCfg = Release|Any CPU
		{D6AB31AD-542E-4EA1-8387-FD50186D88AB}.Release|Any CPU.Build.0 = Release|Any CPU
		{73B73A8A-49C7-4DD5-A709-F0465C347687}.Debug|Any CPU.ActiveCfg = Debug|Any CPU
		{73B73A8A-49C7-4DD5-A709-F0465C347687}.Debug|Any CPU.Build.0 = Debug|Any CPU
		{73B73A8A-49C7-4DD5-A709-F0465C347687}.Release|Any CPU.ActiveCfg = Release|Any CPU
		{73B73A8A-49C7-4DD5-A709-F0465C347687}.Release|Any CPU.Build.0 = Release|Any CPU
	EndGlobalSection
	GlobalSection(SolutionProperties) = preSolution
		HideSolutionNode = FALSE
	EndGlobalSection
EndGlobal
